
Microsoft Visual Studio Solution File, Format Version 12.00
# Visual Studio Version 16
VisualStudioVersion = 16.0.31025.194
MinimumVisualStudioVersion = 10.0.40219.1
Project("{FAE04EC0-301F-11D3-BF4B-00C04F79EFBC}") = "CarManager_0323", "CarManager_0323\CarManager_0323.csproj", "{21335333-4CA1-4BCF-AE69-52C10EB68A9C}"
EndProject
Global
	GlobalSection(SolutionConfigurationPlatforms) = preSolution
		Debug|Any CPU = Debug|Any CPU
		Release|Any CPU = Release|Any CPU
	EndGlobalSection
	GlobalSection(ProjectConfigurationPlatforms) = postSolution
		{21335333-4CA1-4BCF-AE69-52C10EB68A9C}.Debug|Any CPU.ActiveCfg = Debug|Any CPU
		{21335333-4CA1-4BCF-AE69-52C10EB68A9C}.Debug|Any CPU.Build.0 = Debug|Any CPU
		{21335333-4CA1-4BCF-AE69-52C10EB68A9C}.Release|Any CPU.ActiveCfg = Release|Any CPU
		{21335333-4CA1-4BCF-AE69-52C10EB68A9C}.Release|Any CPU.Build.0 = Release|Any CPU
	EndGlobalSection
	GlobalSection(SolutionProperties) = preSolution
		HideSolutionNode = FALSE
	EndGlobalSection
	GlobalSection(ExtensibilityGlobals) = postSolution
		SolutionGuid = {7529DBA4-D572-41F1-965A-2EC98F29F702}
	EndGlobalSection
EndGlobal
